
Microsoft Visual Studio Solution File, Format Version 12.00
# Visual Studio Version 17
VisualStudioVersion = 17.8.34309.116
MinimumVisualStudioVersion = 10.0.40219.1
Project("{FAE04EC0-301F-11D3-BF4B-00C04F79EFBC}") = "AnnaBartsytska0512.TaskPlanner.Domain.Logic.Tests", "AnnaBartsytska0512.TaskPlanner.Domain.Logic.Tests\AnnaBartsytska0512.TaskPlanner.Domain.Logic.Tests.csproj", "{951258EB-5F29-4D78-8F8A-2116905BEC7E}"
EndProject
Global
	GlobalSection(SolutionConfigurationPlatforms) = preSolution
		Debug|Any CPU = Debug|Any CPU
		Release|Any CPU = Release|Any CPU
	EndGlobalSection
	GlobalSection(ProjectConfigurationPlatforms) = postSolution
		{951258EB-5F29-4D78-8F8A-2116905BEC7E}.Debug|Any CPU.ActiveCfg = Debug|Any CPU
		{951258EB-5F29-4D78-8F8A-2116905BEC7E}.Debug|Any CPU.Build.0 = Debug|Any CPU
		{951258EB-5F29-4D78-8F8A-2116905BEC7E}.Release|Any CPU.ActiveCfg = Release|Any CPU
		{951258EB-5F29-4D78-8F8A-2116905BEC7E}.Release|Any CPU.Build.0 = Release|Any CPU
	EndGlobalSection
	GlobalSection(SolutionProperties) = preSolution
		HideSolutionNode = FALSE
	EndGlobalSection
	GlobalSection(ExtensibilityGlobals) = postSolution
		SolutionGuid = {774669D7-9BEC-4947-8D2B-4E17C2F272A4}
	EndGlobalSection
EndGlobal
