
Microsoft Visual Studio Solution File, Format Version 12.00
# Visual Studio Version 17
VisualStudioVersion = 17.8.34309.116
MinimumVisualStudioVersion = 10.0.40219.1
Project("{FAE04EC0-301F-11D3-BF4B-00C04F79EFBC}") = "AnnaBartsytska0512.TaskPlanner", "AnnaBartsytska0512.TaskPlanner\AnnaBartsytska0512.TaskPlanner.csproj", "{A7C2CABD-D534-430B-B6EA-B18A4EBE4DC9}"
EndProject
Global
	GlobalSection(SolutionConfigurationPlatforms) = preSolution
		Debug|Any CPU = Debug|Any CPU
		Release|Any CPU = Release|Any CPU
	EndGlobalSection
	GlobalSection(ProjectConfigurationPlatforms) = postSolution
		{A7C2CABD-D534-430B-B6EA-B18A4EBE4DC9}.Debug|Any CPU.ActiveCfg = Debug|Any CPU
		{A7C2CABD-D534-430B-B6EA-B18A4EBE4DC9}.Debug|Any CPU.Build.0 = Debug|Any CPU
		{A7C2CABD-D534-430B-B6EA-B18A4EBE4DC9}.Release|Any CPU.ActiveCfg = Release|Any CPU
		{A7C2CABD-D534-430B-B6EA-B18A4EBE4DC9}.Release|Any CPU.Build.0 = Release|Any CPU
	EndGlobalSection
	GlobalSection(SolutionProperties) = preSolution
		HideSolutionNode = FALSE
	EndGlobalSection
	GlobalSection(ExtensibilityGlobals) = postSolution
		SolutionGuid = {6A508DC9-A09F-422B-AE49-1BE46786C192}
	EndGlobalSection
EndGlobal
