
Microsoft Visual Studio Solution File, Format Version 12.00
# Visual Studio Version 17
VisualStudioVersion = 17.8.34309.116
MinimumVisualStudioVersion = 10.0.40219.1
Project("{FAE04EC0-301F-11D3-BF4B-00C04F79EFBC}") = "AnnaBartsytska0512.TaskPlanner.Domain.Models", "AnnaBartsytska0512.TaskPlanner.Domain.Models\AnnaBartsytska0512.TaskPlanner.Domain.Models.csproj", "{14A96E6E-8909-440F-A273-CCD584D36DB5}"
EndProject
Global
	GlobalSection(SolutionConfigurationPlatforms) = preSolution
		Debug|Any CPU = Debug|Any CPU
		Release|Any CPU = Release|Any CPU
	EndGlobalSection
	GlobalSection(ProjectConfigurationPlatforms) = postSolution
		{14A96E6E-8909-440F-A273-CCD584D36DB5}.Debug|Any CPU.ActiveCfg = Debug|Any CPU
		{14A96E6E-8909-440F-A273-CCD584D36DB5}.Debug|Any CPU.Build.0 = Debug|Any CPU
		{14A96E6E-8909-440F-A273-CCD584D36DB5}.Release|Any CPU.ActiveCfg = Release|Any CPU
		{14A96E6E-8909-440F-A273-CCD584D36DB5}.Release|Any CPU.Build.0 = Release|Any CPU
	EndGlobalSection
	GlobalSection(SolutionProperties) = preSolution
		HideSolutionNode = FALSE
	EndGlobalSection
	GlobalSection(ExtensibilityGlobals) = postSolution
		SolutionGuid = {01A21B85-59D4-45AD-ADB0-19DCBF132491}
	EndGlobalSection
EndGlobal
